// !$*UTF8*$!
{
	archiveVersion = 1;
	classes = {
	};
	objectVersion = 56;
	objects = {

/* Begin PBXBuildFile section */
		1C23F4982B64126200295BCB /* OrderConfirmationViewController.swift in Sources */ = {isa = PBXBuildFile; fileRef = 1C23F4972B64126200295BCB /* OrderConfirmationViewController.swift */; };
		1C23F49A2B642B9700295BCB /* MenuItemCell.swift in Sources */ = {isa = PBXBuildFile; fileRef = 1C23F4992B642B9700295BCB /* MenuItemCell.swift */; };
		1C23F49C2B6430E300295BCB /* Open Restaurant.app in Resources */ = {isa = PBXBuildFile; fileRef = 1C23F49B2B6430E300295BCB /* Open Restaurant.app */; };
		1C7C73BD2B643E6800654D02 /* order2.png in Resources */ = {isa = PBXBuildFile; fileRef = 1C7C73B92B643E6800654D02 /* order2.png */; };
		1C7C73BE2B643E6800654D02 /* order1.png in Resources */ = {isa = PBXBuildFile; fileRef = 1C7C73BA2B643E6800654D02 /* order1.png */; };
		1C7C73BF2B643E6800654D02 /* order4.png in Resources */ = {isa = PBXBuildFile; fileRef = 1C7C73BB2B643E6800654D02 /* order4.png */; };
		1C7C73C02B643E6800654D02 /* order3.png in Resources */ = {isa = PBXBuildFile; fileRef = 1C7C73BC2B643E6800654D02 /* order3.png */; };
		1CEA2E472B62D20800463792 /* AppDelegate.swift in Sources */ = {isa = PBXBuildFile; fileRef = 1CEA2E462B62D20800463792 /* AppDelegate.swift */; };
		1CEA2E492B62D20800463792 /* SceneDelegate.swift in Sources */ = {isa = PBXBuildFile; fileRef = 1CEA2E482B62D20800463792 /* SceneDelegate.swift */; };
		1CEA2E4E2B62D20800463792 /* Main.storyboard in Resources */ = {isa = PBXBuildFile; fileRef = 1CEA2E4C2B62D20800463792 /* Main.storyboard */; };
		1CEA2E502B62D20C00463792 /* Assets.xcassets in Resources */ = {isa = PBXBuildFile; fileRef = 1CEA2E4F2B62D20C00463792 /* Assets.xcassets */; };
		1CEA2E532B62D20C00463792 /* LaunchScreen.storyboard in Resources */ = {isa = PBXBuildFile; fileRef = 1CEA2E512B62D20C00463792 /* LaunchScreen.storyboard */; };
		1CEA2E602B62D5CC00463792 /* CategoryTableViewController.swift in Sources */ = {isa = PBXBuildFile; fileRef = 1CEA2E5F2B62D5CC00463792 /* CategoryTableViewController.swift */; };
		1CEA2E622B62D5DC00463792 /* MenuTableViewController.swift in Sources */ = {isa = PBXBuildFile; fileRef = 1CEA2E612B62D5DC00463792 /* MenuTableViewController.swift */; };
		1CEA2E642B62D5EE00463792 /* OrderTableViewController.swift in Sources */ = {isa = PBXBuildFile; fileRef = 1CEA2E632B62D5EE00463792 /* OrderTableViewController.swift */; };
		1CEA2E662B62D75D00463792 /* MenuItemDetailViewController.swift in Sources */ = {isa = PBXBuildFile; fileRef = 1CEA2E652B62D75D00463792 /* MenuItemDetailViewController.swift */; };
		1CEA2E682B62D79800463792 /* MenuItem.swift in Sources */ = {isa = PBXBuildFile; fileRef = 1CEA2E672B62D79800463792 /* MenuItem.swift */; };
		1CEA2E6C2B62DB2200463792 /* ResponseModels.swift in Sources */ = {isa = PBXBuildFile; fileRef = 1CEA2E6B2B62DB2200463792 /* ResponseModels.swift */; };
		1CEA2E6E2B62DCCB00463792 /* MenuController.swift in Sources */ = {isa = PBXBuildFile; fileRef = 1CEA2E6D2B62DCCB00463792 /* MenuController.swift */; };
		1CEA2E702B62F21300463792 /* Order.swift in Sources */ = {isa = PBXBuildFile; fileRef = 1CEA2E6F2B62F21300463792 /* Order.swift */; };
/* End PBXBuildFile section */

/* Begin PBXFileReference section */
		1C23F4972B64126200295BCB /* OrderConfirmationViewController.swift */ = {isa = PBXFileReference; lastKnownFileType = sourcecode.swift; path = OrderConfirmationViewController.swift; sourceTree = "<group>"; };
		1C23F4992B642B9700295BCB /* MenuItemCell.swift */ = {isa = PBXFileReference; lastKnownFileType = sourcecode.swift; path = MenuItemCell.swift; sourceTree = "<group>"; };
		1C23F49B2B6430E300295BCB /* Open Restaurant.app */ = {isa = PBXFileReference; lastKnownFileType = wrapper.application; path = "Open Restaurant.app"; sourceTree = "<group>"; };
		1C7C73B92B643E6800654D02 /* order2.png */ = {isa = PBXFileReference; lastKnownFileType = image.png; path = order2.png; sourceTree = "<group>"; };
		1C7C73BA2B643E6800654D02 /* order1.png */ = {isa = PBXFileReference; lastKnownFileType = image.png; path = order1.png; sourceTree = "<group>"; };
		1C7C73BB2B643E6800654D02 /* order4.png */ = {isa = PBXFileReference; lastKnownFileType = image.png; path = order4.png; sourceTree = "<group>"; };
		1C7C73BC2B643E6800654D02 /* order3.png */ = {isa = PBXFileReference; lastKnownFileType = image.png; path = order3.png; sourceTree = "<group>"; };
		1CEA2E432B62D20800463792 /* OrderApp.app */ = {isa = PBXFileReference; explicitFileType = wrapper.application; includeInIndex = 0; path = OrderApp.app; sourceTree = BUILT_PRODUCTS_DIR; };
		1CEA2E462B62D20800463792 /* AppDelegate.swift */ = {isa = PBXFileReference; lastKnownFileType = sourcecode.swift; path = AppDelegate.swift; sourceTree = "<group>"; };
		1CEA2E482B62D20800463792 /* SceneDelegate.swift */ = {isa = PBXFileReference; lastKnownFileType = sourcecode.swift; path = SceneDelegate.swift; sourceTree = "<group>"; };
		1CEA2E4D2B62D20800463792 /* Base */ = {isa = PBXFileReference; lastKnownFileType = file.storyboard; name = Base; path = Base.lproj/Main.storyboard; sourceTree = "<group>"; };
		1CEA2E4F2B62D20C00463792 /* Assets.xcassets */ = {isa = PBXFileReference; lastKnownFileType = folder.assetcatalog; path = Assets.xcassets; sourceTree = "<group>"; };
		1CEA2E522B62D20C00463792 /* Base */ = {isa = PBXFileReference; lastKnownFileType = file.storyboard; name = Base; path = Base.lproj/LaunchScreen.storyboard; sourceTree = "<group>"; };
		1CEA2E542B62D20C00463792 /* Info.plist */ = {isa = PBXFileReference; lastKnownFileType = text.plist.xml; path = Info.plist; sourceTree = "<group>"; };
		1CEA2E5F2B62D5CC00463792 /* CategoryTableViewController.swift */ = {isa = PBXFileReference; lastKnownFileType = sourcecode.swift; path = CategoryTableViewController.swift; sourceTree = "<group>"; };
		1CEA2E612B62D5DC00463792 /* MenuTableViewController.swift */ = {isa = PBXFileReference; lastKnownFileType = sourcecode.swift; path = MenuTableViewController.swift; sourceTree = "<group>"; };
		1CEA2E632B62D5EE00463792 /* OrderTableViewController.swift */ = {isa = PBXFileReference; lastKnownFileType = sourcecode.swift; path = OrderTableViewController.swift; sourceTree = "<group>"; };
		1CEA2E652B62D75D00463792 /* MenuItemDetailViewController.swift */ = {isa = PBXFileReference; lastKnownFileType = sourcecode.swift; path = MenuItemDetailViewController.swift; sourceTree = "<group>"; };
		1CEA2E672B62D79800463792 /* MenuItem.swift */ = {isa = PBXFileReference; lastKnownFileType = sourcecode.swift; path = MenuItem.swift; sourceTree = "<group>"; };
		1CEA2E6B2B62DB2200463792 /* ResponseModels.swift */ = {isa = PBXFileReference; lastKnownFileType = sourcecode.swift; path = ResponseModels.swift; sourceTree = "<group>"; };
		1CEA2E6D2B62DCCB00463792 /* MenuController.swift */ = {isa = PBXFileReference; lastKnownFileType = sourcecode.swift; path = MenuController.swift; sourceTree = "<group>"; };
		1CEA2E6F2B62F21300463792 /* Order.swift */ = {isa = PBXFileReference; lastKnownFileType = sourcecode.swift; path = Order.swift; sourceTree = "<group>"; };
/* End PBXFileReference section */

/* Begin PBXFrameworksBuildPhase section */
		1CEA2E402B62D20800463792 /* Frameworks */ = {
			isa = PBXFrameworksBuildPhase;
			buildActionMask = 2147483647;
			files = (
			);
			runOnlyForDeploymentPostprocessing = 0;
		};
/* End PBXFrameworksBuildPhase section */

/* Begin PBXGroup section */
		1C7C73B82B643E4D00654D02 /* AppScreenshots */ = {
			isa = PBXGroup;
			children = (
				1C7C73BA2B643E6800654D02 /* order1.png */,
				1C7C73B92B643E6800654D02 /* order2.png */,
				1C7C73BC2B643E6800654D02 /* order3.png */,
				1C7C73BB2B643E6800654D02 /* order4.png */,
			);
			path = AppScreenshots;
			sourceTree = "<group>";
		};
		1CEA2E3A2B62D20800463792 = {
			isa = PBXGroup;
			children = (
				1CEA2E452B62D20800463792 /* OrderApp */,
				1CEA2E442B62D20800463792 /* Products */,
			);
			sourceTree = "<group>";
		};
		1CEA2E442B62D20800463792 /* Products */ = {
			isa = PBXGroup;
			children = (
				1CEA2E432B62D20800463792 /* OrderApp.app */,
			);
			name = Products;
			sourceTree = "<group>";
		};
		1CEA2E452B62D20800463792 /* OrderApp */ = {
			isa = PBXGroup;
			children = (
				1C7C73B82B643E4D00654D02 /* AppScreenshots */,
				1C23F49B2B6430E300295BCB /* Open Restaurant.app */,
				1CEA2E5E2B62D2C300463792 /* Resources */,
				1CEA2E5D2B62D2B400463792 /* Controllers */,
				1CEA2E5C2B62D29D00463792 /* Model Controllers */,
				1CEA2E5B2B62D29500463792 /* Models */,
				1CEA2E5A2B62D28F00463792 /* Views */,
				1CEA2E542B62D20C00463792 /* Info.plist */,
			);
			path = OrderApp;
			sourceTree = "<group>";
		};
		1CEA2E5A2B62D28F00463792 /* Views */ = {
			isa = PBXGroup;
			children = (
				1CEA2E4C2B62D20800463792 /* Main.storyboard */,
				1CEA2E512B62D20C00463792 /* LaunchScreen.storyboard */,
			);
			path = Views;
			sourceTree = "<group>";
		};
		1CEA2E5B2B62D29500463792 /* Models */ = {
			isa = PBXGroup;
			children = (
				1CEA2E672B62D79800463792 /* MenuItem.swift */,
				1CEA2E6B2B62DB2200463792 /* ResponseModels.swift */,
				1CEA2E6F2B62F21300463792 /* Order.swift */,
				1C23F4992B642B9700295BCB /* MenuItemCell.swift */,
			);
			path = Models;
			sourceTree = "<group>";
		};
		1CEA2E5C2B62D29D00463792 /* Model Controllers */ = {
			isa = PBXGroup;
			children = (
				1CEA2E6D2B62DCCB00463792 /* MenuController.swift */,
			);
			path = "Model Controllers";
			sourceTree = "<group>";
		};
		1CEA2E5D2B62D2B400463792 /* Controllers */ = {
			isa = PBXGroup;
			children = (
				1CEA2E5F2B62D5CC00463792 /* CategoryTableViewController.swift */,
				1CEA2E612B62D5DC00463792 /* MenuTableViewController.swift */,
				1CEA2E632B62D5EE00463792 /* OrderTableViewController.swift */,
				1CEA2E652B62D75D00463792 /* MenuItemDetailViewController.swift */,
				1C23F4972B64126200295BCB /* OrderConfirmationViewController.swift */,
			);
			path = Controllers;
			sourceTree = "<group>";
		};
		1CEA2E5E2B62D2C300463792 /* Resources */ = {
			isa = PBXGroup;
			children = (
				1CEA2E462B62D20800463792 /* AppDelegate.swift */,
				1CEA2E482B62D20800463792 /* SceneDelegate.swift */,
				1CEA2E4F2B62D20C00463792 /* Assets.xcassets */,
			);
			path = Resources;
			sourceTree = "<group>";
		};
/* End PBXGroup section */

/* Begin PBXNativeTarget section */
		1CEA2E422B62D20800463792 /* OrderApp */ = {
			isa = PBXNativeTarget;
			buildConfigurationList = 1CEA2E572B62D20C00463792 /* Build configuration list for PBXNativeTarget "OrderApp" */;
			buildPhases = (
				1CEA2E3F2B62D20800463792 /* Sources */,
				1CEA2E402B62D20800463792 /* Frameworks */,
				1CEA2E412B62D20800463792 /* Resources */,
			);
			buildRules = (
			);
			dependencies = (
			);
			name = OrderApp;
			productName = OrderApp;
			productReference = 1CEA2E432B62D20800463792 /* OrderApp.app */;
			productType = "com.apple.product-type.application";
		};
/* End PBXNativeTarget section */

/* Begin PBXProject section */
		1CEA2E3B2B62D20800463792 /* Project object */ = {
			isa = PBXProject;
			attributes = {
				BuildIndependentTargetsInParallel = 1;
				LastSwiftUpdateCheck = 1420;
				LastUpgradeCheck = 1420;
				TargetAttributes = {
					1CEA2E422B62D20800463792 = {
						CreatedOnToolsVersion = 14.2;
					};
				};
			};
			buildConfigurationList = 1CEA2E3E2B62D20800463792 /* Build configuration list for PBXProject "OrderApp" */;
			compatibilityVersion = "Xcode 14.0";
			developmentRegion = en;
			hasScannedForEncodings = 0;
			knownRegions = (
				en,
				Base,
			);
			mainGroup = 1CEA2E3A2B62D20800463792;
			productRefGroup = 1CEA2E442B62D20800463792 /* Products */;
			projectDirPath = "";
			projectRoot = "";
			targets = (
				1CEA2E422B62D20800463792 /* OrderApp */,
			);
		};
/* End PBXProject section */

/* Begin PBXResourcesBuildPhase section */
		1CEA2E412B62D20800463792 /* Resources */ = {
			isa = PBXResourcesBuildPhase;
			buildActionMask = 2147483647;
			files = (
				1CEA2E532B62D20C00463792 /* LaunchScreen.storyboard in Resources */,
				1C23F49C2B6430E300295BCB /* Open Restaurant.app in Resources */,
				1C7C73BE2B643E6800654D02 /* order1.png in Resources */,
				1C7C73BF2B643E6800654D02 /* order4.png in Resources */,
				1C7C73C02B643E6800654D02 /* order3.png in Resources */,
				1CEA2E502B62D20C00463792 /* Assets.xcassets in Resources */,
				1C7C73BD2B643E6800654D02 /* order2.png in Resources */,
				1CEA2E4E2B62D20800463792 /* Main.storyboard in Resources */,
			);
			runOnlyForDeploymentPostprocessing = 0;
		};
/* End PBXResourcesBuildPhase section */

/* Begin PBXSourcesBuildPhase section */
		1CEA2E3F2B62D20800463792 /* Sources */ = {
			isa = PBXSourcesBuildPhase;
			buildActionMask = 2147483647;
			files = (
				1CEA2E682B62D79800463792 /* MenuItem.swift in Sources */,
				1CEA2E6E2B62DCCB00463792 /* MenuController.swift in Sources */,
				1CEA2E702B62F21300463792 /* Order.swift in Sources */,
				1CEA2E622B62D5DC00463792 /* MenuTableViewController.swift in Sources */,
				1CEA2E6C2B62DB2200463792 /* ResponseModels.swift in Sources */,
				1CEA2E662B62D75D00463792 /* MenuItemDetailViewController.swift in Sources */,
				1CEA2E642B62D5EE00463792 /* OrderTableViewController.swift in Sources */,
				1CEA2E472B62D20800463792 /* AppDelegate.swift in Sources */,
				1CEA2E492B62D20800463792 /* SceneDelegate.swift in Sources */,
				1C23F49A2B642B9700295BCB /* MenuItemCell.swift in Sources */,
				1C23F4982B64126200295BCB /* OrderConfirmationViewController.swift in Sources */,
				1CEA2E602B62D5CC00463792 /* CategoryTableViewController.swift in Sources */,
			);
			runOnlyForDeploymentPostprocessing = 0;
		};
/* End PBXSourcesBuildPhase section */

/* Begin PBXVariantGroup section */
		1CEA2E4C2B62D20800463792 /* Main.storyboard */ = {
			isa = PBXVariantGroup;
			children = (
				1CEA2E4D2B62D20800463792 /* Base */,
			);
			name = Main.storyboard;
			sourceTree = "<group>";
		};
		1CEA2E512B62D20C00463792 /* LaunchScreen.storyboard */ = {
			isa = PBXVariantGroup;
			children = (
				1CEA2E522B62D20C00463792 /* Base */,
			);
			name = LaunchScreen.storyboard;
			sourceTree = "<group>";
		};
/* End PBXVariantGroup section */

/* Begin XCBuildConfiguration section */
		1CEA2E552B62D20C00463792 /* Debug */ = {
			isa = XCBuildConfiguration;
			buildSettings = {
				ALWAYS_SEARCH_USER_PATHS = NO;
				CLANG_ANALYZER_NONNULL = YES;
				CLANG_ANALYZER_NUMBER_OBJECT_CONVERSION = YES_AGGRESSIVE;
				CLANG_CXX_LANGUAGE_STANDARD = "gnu++20";
				CLANG_ENABLE_MODULES = YES;
				CLANG_ENABLE_OBJC_ARC = YES;
				CLANG_ENABLE_OBJC_WEAK = YES;
				CLANG_WARN_BLOCK_CAPTURE_AUTORELEASING = YES;
				CLANG_WARN_BOOL_CONVERSION = YES;
				CLANG_WARN_COMMA = YES;
				CLANG_WARN_CONSTANT_CONVERSION = YES;
				CLANG_WARN_DEPRECATED_OBJC_IMPLEMENTATIONS = YES;
				CLANG_WARN_DIRECT_OBJC_ISA_USAGE = YES_ERROR;
				CLANG_WARN_DOCUMENTATION_COMMENTS = YES;
				CLANG_WARN_EMPTY_BODY = YES;
				CLANG_WARN_ENUM_CONVERSION = YES;
				CLANG_WARN_INFINITE_RECURSION = YES;
				CLANG_WARN_INT_CONVERSION = YES;
				CLANG_WARN_NON_LITERAL_NULL_CONVERSION = YES;
				CLANG_WARN_OBJC_IMPLICIT_RETAIN_SELF = YES;
				CLANG_WARN_OBJC_LITERAL_CONVERSION = YES;
				CLANG_WARN_OBJC_ROOT_CLASS = YES_ERROR;
				CLANG_WARN_QUOTED_INCLUDE_IN_FRAMEWORK_HEADER = YES;
				CLANG_WARN_RANGE_LOOP_ANALYSIS = YES;
				CLANG_WARN_STRICT_PROTOTYPES = YES;
				CLANG_WARN_SUSPICIOUS_MOVE = YES;
				CLANG_WARN_UNGUARDED_AVAILABILITY = YES_AGGRESSIVE;
				CLANG_WARN_UNREACHABLE_CODE = YES;
				CLANG_WARN__DUPLICATE_METHOD_MATCH = YES;
				COPY_PHASE_STRIP = NO;
				DEBUG_INFORMATION_FORMAT = dwarf;
				ENABLE_STRICT_OBJC_MSGSEND = YES;
				ENABLE_TESTABILITY = YES;
				GCC_C_LANGUAGE_STANDARD = gnu11;
				GCC_DYNAMIC_NO_PIC = NO;
				GCC_NO_COMMON_BLOCKS = YES;
				GCC_OPTIMIZATION_LEVEL = 0;
				GCC_PREPROCESSOR_DEFINITIONS = (
					"DEBUG=1",
					"$(inherited)",
				);
				GCC_WARN_64_TO_32_BIT_CONVERSION = YES;
				GCC_WARN_ABOUT_RETURN_TYPE = YES_ERROR;
				GCC_WARN_UNDECLARED_SELECTOR = YES;
				GCC_WARN_UNINITIALIZED_AUTOS = YES_AGGRESSIVE;
				GCC_WARN_UNUSED_FUNCTION = YES;
				GCC_WARN_UNUSED_VARIABLE = YES;
				IPHONEOS_DEPLOYMENT_TARGET = 16.2;
				MTL_ENABLE_DEBUG_INFO = INCLUDE_SOURCE;
				MTL_FAST_MATH = YES;
				ONLY_ACTIVE_ARCH = YES;
				SDKROOT = iphoneos;
				SWIFT_ACTIVE_COMPILATION_CONDITIONS = DEBUG;
				SWIFT_OPTIMIZATION_LEVEL = "-Onone";
			};
			name = Debug;
		};
		1CEA2E562B62D20C00463792 /* Release */ = {
			isa = XCBuildConfiguration;
			buildSettings = {
				ALWAYS_SEARCH_USER_PATHS = NO;
				CLANG_ANALYZER_NONNULL = YES;
				CLANG_ANALYZER_NUMBER_OBJECT_CONVERSION = YES_AGGRESSIVE;
				CLANG_CXX_LANGUAGE_STANDARD = "gnu++20";
				CLANG_ENABLE_MODULES = YES;
				CLANG_ENABLE_OBJC_ARC = YES;
				CLANG_ENABLE_OBJC_WEAK = YES;
				CLANG_WARN_BLOCK_CAPTURE_AUTORELEASING = YES;
				CLANG_WARN_BOOL_CONVERSION = YES;
				CLANG_WARN_COMMA = YES;
				CLANG_WARN_CONSTANT_CONVERSION = YES;
				CLANG_WARN_DEPRECATED_OBJC_IMPLEMENTATIONS = YES;
				CLANG_WARN_DIRECT_OBJC_ISA_USAGE = YES_ERROR;
				CLANG_WARN_DOCUMENTATION_COMMENTS = YES;
				CLANG_WARN_EMPTY_BODY = YES;
				CLANG_WARN_ENUM_CONVERSION = YES;
				CLANG_WARN_INFINITE_RECURSION = YES;
				CLANG_WARN_INT_CONVERSION = YES;
				CLANG_WARN_NON_LITERAL_NULL_CONVERSION = YES;
				CLANG_WARN_OBJC_IMPLICIT_RETAIN_SELF = YES;
				CLANG_WARN_OBJC_LITERAL_CONVERSION = YES;
				CLANG_WARN_OBJC_ROOT_CLASS = YES_ERROR;
				CLANG_WARN_QUOTED_INCLUDE_IN_FRAMEWORK_HEADER = YES;
				CLANG_WARN_RANGE_LOOP_ANALYSIS = YES;
				CLANG_WARN_STRICT_PROTOTYPES = YES;
				CLANG_WARN_SUSPICIOUS_MOVE = YES;
				CLANG_WARN_UNGUARDED_AVAILABILITY = YES_AGGRESSIVE;
				CLANG_WARN_UNREACHABLE_CODE = YES;
				CLANG_WARN__DUPLICATE_METHOD_MATCH = YES;
				COPY_PHASE_STRIP = NO;
				DEBUG_INFORMATION_FORMAT = "dwarf-with-dsym";
				ENABLE_NS_ASSERTIONS = NO;
				ENABLE_STRICT_OBJC_MSGSEND = YES;
				GCC_C_LANGUAGE_STANDARD = gnu11;
				GCC_NO_COMMON_BLOCKS = YES;
				GCC_WARN_64_TO_32_BIT_CONVERSION = YES;
				GCC_WARN_ABOUT_RETURN_TYPE = YES_ERROR;
				GCC_WARN_UNDECLARED_SELECTOR = YES;
				GCC_WARN_UNINITIALIZED_AUTOS = YES_AGGRESSIVE;
				GCC_WARN_UNUSED_FUNCTION = YES;
				GCC_WARN_UNUSED_VARIABLE = YES;
				IPHONEOS_DEPLOYMENT_TARGET = 16.2;
				MTL_ENABLE_DEBUG_INFO = NO;
				MTL_FAST_MATH = YES;
				SDKROOT = iphoneos;
				SWIFT_COMPILATION_MODE = wholemodule;
				SWIFT_OPTIMIZATION_LEVEL = "-O";
				VALIDATE_PRODUCT = YES;
			};
			name = Release;
		};
		1CEA2E582B62D20C00463792 /* Debug */ = {
			isa = XCBuildConfiguration;
			buildSettings = {
				ASSETCATALOG_COMPILER_APPICON_NAME = AppIcon;
				ASSETCATALOG_COMPILER_GLOBAL_ACCENT_COLOR_NAME = AccentColor;
				CODE_SIGN_STYLE = Automatic;
				CURRENT_PROJECT_VERSION = 1;
				DEVELOPMENT_TEAM = 59Z4AB289G;
				GENERATE_INFOPLIST_FILE = YES;
				INFOPLIST_FILE = OrderApp/Info.plist;
				INFOPLIST_KEY_UIApplicationSupportsIndirectInputEvents = YES;
				INFOPLIST_KEY_UILaunchStoryboardName = LaunchScreen;
				INFOPLIST_KEY_UIMainStoryboardFile = Main;
				INFOPLIST_KEY_UISupportedInterfaceOrientations_iPad = "UIInterfaceOrientationPortrait UIInterfaceOrientationPortraitUpsideDown UIInterfaceOrientationLandscapeLeft UIInterfaceOrientationLandscapeRight";
				INFOPLIST_KEY_UISupportedInterfaceOrientations_iPhone = "UIInterfaceOrientationPortrait UIInterfaceOrientationLandscapeLeft UIInterfaceOrientationLandscapeRight";
				LD_RUNPATH_SEARCH_PATHS = (
					"$(inherited)",
					"@executable_path/Frameworks",
				);
				MARKETING_VERSION = 1.0;
				PRODUCT_BUNDLE_IDENTIFIER = com.chardayn.OrderApp;
				PRODUCT_NAME = "$(TARGET_NAME)";
				SWIFT_EMIT_LOC_STRINGS = YES;
				SWIFT_VERSION = 5.0;
				TARGETED_DEVICE_FAMILY = "1,2";
			};
			name = Debug;
		};
		1CEA2E592B62D20C00463792 /* Release */ = {
			isa = XCBuildConfiguration;
			buildSettings = {
				ASSETCATALOG_COMPILER_APPICON_NAME = AppIcon;
				ASSETCATALOG_COMPILER_GLOBAL_ACCENT_COLOR_NAME = AccentColor;
				CODE_SIGN_STYLE = Automatic;
				CURRENT_PROJECT_VERSION = 1;
				DEVELOPMENT_TEAM = 59Z4AB289G;
				GENERATE_INFOPLIST_FILE = YES;
				INFOPLIST_FILE = OrderApp/Info.plist;
				INFOPLIST_KEY_UIApplicationSupportsIndirectInputEvents = YES;
				INFOPLIST_KEY_UILaunchStoryboardName = LaunchScreen;
				INFOPLIST_KEY_UIMainStoryboardFile = Main;
				INFOPLIST_KEY_UISupportedInterfaceOrientations_iPad = "UIInterfaceOrientationPortrait UIInterfaceOrientationPortraitUpsideDown UIInterfaceOrientationLandscapeLeft UIInterfaceOrientationLandscapeRight";
				INFOPLIST_KEY_UISupportedInterfaceOrientations_iPhone = "UIInterfaceOrientationPortrait UIInterfaceOrientationLandscapeLeft UIInterfaceOrientationLandscapeRight";
				LD_RUNPATH_SEARCH_PATHS = (
					"$(inherited)",
					"@executable_path/Frameworks",
				);
				MARKETING_VERSION = 1.0;
				PRODUCT_BUNDLE_IDENTIFIER = com.chardayn.OrderApp;
				PRODUCT_NAME = "$(TARGET_NAME)";
				SWIFT_EMIT_LOC_STRINGS = YES;
				SWIFT_VERSION = 5.0;
				TARGETED_DEVICE_FAMILY = "1,2";
			};
			name = Release;
		};
/* End XCBuildConfiguration section */

/* Begin XCConfigurationList section */
		1CEA2E3E2B62D20800463792 /* Build configuration list for PBXProject "OrderApp" */ = {
			isa = XCConfigurationList;
			buildConfigurations = (
				1CEA2E552B62D20C00463792 /* Debug */,
				1CEA2E562B62D20C00463792 /* Release */,
			);
			defaultConfigurationIsVisible = 0;
			defaultConfigurationName = Release;
		};
		1CEA2E572B62D20C00463792 /* Build configuration list for PBXNativeTarget "OrderApp" */ = {
			isa = XCConfigurationList;
			buildConfigurations = (
				1CEA2E582B62D20C00463792 /* Debug */,
				1CEA2E592B62D20C00463792 /* Release */,
			);
			defaultConfigurationIsVisible = 0;
			defaultConfigurationName = Release;
		};
/* End XCConfigurationList section */
	};
	rootObject = 1CEA2E3B2B62D20800463792 /* Project object */;
}
